
Microsoft Visual Studio Solution File, Format Version 12.00
# Visual Studio Version 16
VisualStudioVersion = 16.0.29806.167
MinimumVisualStudioVersion = 10.0.40219.1
Project("{9A19103F-16F7-4668-BE54-9A1E7A4F7556}") = "lab2", "lab2\lab2.csproj", "{F7F106E1-D6CA-42AA-B6B7-F7A19FF28F3D}"
EndProject
Project("{9A19103F-16F7-4668-BE54-9A1E7A4F7556}") = "lab3", "lab3\lab3.csproj", "{D17D4048-EC1E-4A8B-81D0-6A6308DD94E9}"
EndProject
Project("{9A19103F-16F7-4668-BE54-9A1E7A4F7556}") = "lab4", "lab4\lab4.csproj", "{F3AAD9E2-9DE3-4CEB-AA10-A7186C4C252E}"
EndProject
Project("{9A19103F-16F7-4668-BE54-9A1E7A4F7556}") = "dll", "dll\dll.csproj", "{3B1B020B-EA37-40B3-8D56-D17A643B79DB}"
EndProject
Project("{9A19103F-16F7-4668-BE54-9A1E7A4F7556}") = "lab5", "lab5\lab5.csproj", "{3B2EEFBF-F2F8-43CE-80E1-AE3AE924CB36}"
EndProject
Project("{8BC9CEB8-8B4A-11D0-8D11-00A0C91BC942}") = "dllcalc", "dllcalc\dllcalc.vcxproj", "{67EF7DA1-B638-41DB-9FCA-326AA17224E3}"
EndProject
Global
	GlobalSection(SolutionConfigurationPlatforms) = preSolution
		Debug|Any CPU = Debug|Any CPU
		Debug|x64 = Debug|x64
		Debug|x86 = Debug|x86
		Release|Any CPU = Release|Any CPU
		Release|x64 = Release|x64
		Release|x86 = Release|x86
	EndGlobalSection
	GlobalSection(ProjectConfigurationPlatforms) = postSolution
		{F7F106E1-D6CA-42AA-B6B7-F7A19FF28F3D}.Debug|Any CPU.ActiveCfg = Debug|Any CPU
		{F7F106E1-D6CA-42AA-B6B7-F7A19FF28F3D}.Debug|Any CPU.Build.0 = Debug|Any CPU
		{F7F106E1-D6CA-42AA-B6B7-F7A19FF28F3D}.Debug|x64.ActiveCfg = Debug|Any CPU
		{F7F106E1-D6CA-42AA-B6B7-F7A19FF28F3D}.Debug|x64.Build.0 = Debug|Any CPU
		{F7F106E1-D6CA-42AA-B6B7-F7A19FF28F3D}.Debug|x86.ActiveCfg = Debug|Any CPU
		{F7F106E1-D6CA-42AA-B6B7-F7A19FF28F3D}.Debug|x86.Build.0 = Debug|Any CPU
		{F7F106E1-D6CA-42AA-B6B7-F7A19FF28F3D}.Release|Any CPU.ActiveCfg = Release|Any CPU
		{F7F106E1-D6CA-42AA-B6B7-F7A19FF28F3D}.Release|Any CPU.Build.0 = Release|Any CPU
		{F7F106E1-D6CA-42AA-B6B7-F7A19FF28F3D}.Release|x64.ActiveCfg = Release|Any CPU
		{F7F106E1-D6CA-42AA-B6B7-F7A19FF28F3D}.Release|x64.Build.0 = Release|Any CPU
		{F7F106E1-D6CA-42AA-B6B7-F7A19FF28F3D}.Release|x86.ActiveCfg = Release|Any CPU
		{F7F106E1-D6CA-42AA-B6B7-F7A19FF28F3D}.Release|x86.Build.0 = Release|Any CPU
		{D17D4048-EC1E-4A8B-81D0-6A6308DD94E9}.Debug|Any CPU.ActiveCfg = Debug|Any CPU
		{D17D4048-EC1E-4A8B-81D0-6A6308DD94E9}.Debug|Any CPU.Build.0 = Debug|Any CPU
		{D17D4048-EC1E-4A8B-81D0-6A6308DD94E9}.Debug|x64.ActiveCfg = Debug|Any CPU
		{D17D4048-EC1E-4A8B-81D0-6A6308DD94E9}.Debug|x64.Build.0 = Debug|Any CPU
		{D17D4048-EC1E-4A8B-81D0-6A6308DD94E9}.Debug|x86.ActiveCfg = Debug|Any CPU
		{D17D4048-EC1E-4A8B-81D0-6A6308DD94E9}.Debug|x86.Build.0 = Debug|Any CPU
		{D17D4048-EC1E-4A8B-81D0-6A6308DD94E9}.Release|Any CPU.ActiveCfg = Release|Any CPU
		{D17D4048-EC1E-4A8B-81D0-6A6308DD94E9}.Release|Any CPU.Build.0 = Release|Any CPU
		{D17D4048-EC1E-4A8B-81D0-6A6308DD94E9}.Release|x64.ActiveCfg = Release|Any CPU
		{D17D4048-EC1E-4A8B-81D0-6A6308DD94E9}.Release|x64.Build.0 = Release|Any CPU
		{D17D4048-EC1E-4A8B-81D0-6A6308DD94E9}.Release|x86.ActiveCfg = Release|Any CPU
		{D17D4048-EC1E-4A8B-81D0-6A6308DD94E9}.Release|x86.Build.0 = Release|Any CPU
		{F3AAD9E2-9DE3-4CEB-AA10-A7186C4C252E}.Debug|Any CPU.ActiveCfg = Debug|Any CPU
		{F3AAD9E2-9DE3-4CEB-AA10-A7186C4C252E}.Debug|Any CPU.Build.0 = Debug|Any CPU
		{F3AAD9E2-9DE3-4CEB-AA10-A7186C4C252E}.Debug|x64.ActiveCfg = Debug|Any CPU
		{F3AAD9E2-9DE3-4CEB-AA10-A7186C4C252E}.Debug|x64.Build.0 = Debug|Any CPU
		{F3AAD9E2-9DE3-4CEB-AA10-A7186C4C252E}.Debug|x86.ActiveCfg = Debug|Any CPU
		{F3AAD9E2-9DE3-4CEB-AA10-A7186C4C252E}.Debug|x86.Build.0 = Debug|Any CPU
		{F3AAD9E2-9DE3-4CEB-AA10-A7186C4C252E}.Release|Any CPU.ActiveCfg = Release|Any CPU
		{F3AAD9E2-9DE3-4CEB-AA10-A7186C4C252E}.Release|Any CPU.Build.0 = Release|Any CPU
		{F3AAD9E2-9DE3-4CEB-AA10-A7186C4C252E}.Release|x64.ActiveCfg = Release|Any CPU
		{F3AAD9E2-9DE3-4CEB-AA10-A7186C4C252E}.Release|x64.Build.0 = Release|Any CPU
		{F3AAD9E2-9DE3-4CEB-AA10-A7186C4C252E}.Release|x86.ActiveCfg = Release|Any CPU
		{F3AAD9E2-9DE3-4CEB-AA10-A7186C4C252E}.Release|x86.Build.0 = Release|Any CPU
		{3B1B020B-EA37-40B3-8D56-D17A643B79DB}.Debug|Any CPU.ActiveCfg = Debug|Any CPU
		{3B1B020B-EA37-40B3-8D56-D17A643B79DB}.Debug|Any CPU.Build.0 = Debug|Any CPU
		{3B1B020B-EA37-40B3-8D56-D17A643B79DB}.Debug|x64.ActiveCfg = Debug|Any CPU
		{3B1B020B-EA37-40B3-8D56-D17A643B79DB}.Debug|x64.Build.0 = Debug|Any CPU
		{3B1B020B-EA37-40B3-8D56-D17A643B79DB}.Debug|x86.ActiveCfg = Debug|Any CPU
		{3B1B020B-EA37-40B3-8D56-D17A643B79DB}.Debug|x86.Build.0 = Debug|Any CPU
		{3B1B020B-EA37-40B3-8D56-D17A643B79DB}.Release|Any CPU.ActiveCfg = Release|Any CPU
		{3B1B020B-EA37-40B3-8D56-D17A643B79DB}.Release|Any CPU.Build.0 = Release|Any CPU
		{3B1B020B-EA37-40B3-8D56-D17A643B79DB}.Release|x64.ActiveCfg = Release|Any CPU
		{3B1B020B-EA37-40B3-8D56-D17A643B79DB}.Release|x64.Build.0 = Release|Any CPU
		{3B1B020B-EA37-40B3-8D56-D17A643B79DB}.Release|x86.ActiveCfg = Release|Any CPU
		{3B1B020B-EA37-40B3-8D56-D17A643B79DB}.Release|x86.Build.0 = Release|Any CPU
		{3B2EEFBF-F2F8-43CE-80E1-AE3AE924CB36}.Debug|Any CPU.ActiveCfg = Debug|Any CPU
		{3B2EEFBF-F2F8-43CE-80E1-AE3AE924CB36}.Debug|Any CPU.Build.0 = Debug|Any CPU
		{3B2EEFBF-F2F8-43CE-80E1-AE3AE924CB36}.Debug|x64.ActiveCfg = Debug|Any CPU
		{3B2EEFBF-F2F8-43CE-80E1-AE3AE924CB36}.Debug|x64.Build.0 = Debug|Any CPU
		{3B2EEFBF-F2F8-43CE-80E1-AE3AE924CB36}.Debug|x86.ActiveCfg = Debug|Any CPU
		{3B2EEFBF-F2F8-43CE-80E1-AE3AE924CB36}.Debug|x86.Build.0 = Debug|Any CPU
		{3B2EEFBF-F2F8-43CE-80E1-AE3AE924CB36}.Release|Any CPU.ActiveCfg = Release|Any CPU
		{3B2EEFBF-F2F8-43CE-80E1-AE3AE924CB36}.Release|Any CPU.Build.0 = Release|Any CPU
		{3B2EEFBF-F2F8-43CE-80E1-AE3AE924CB36}.Release|x64.ActiveCfg = Release|Any CPU
		{3B2EEFBF-F2F8-43CE-80E1-AE3AE924CB36}.Release|x64.Build.0 = Release|Any CPU
		{3B2EEFBF-F2F8-43CE-80E1-AE3AE924CB36}.Release|x86.ActiveCfg = Release|Any CPU
		{3B2EEFBF-F2F8-43CE-80E1-AE3AE924CB36}.Release|x86.Build.0 = Release|Any CPU
		{67EF7DA1-B638-41DB-9FCA-326AA17224E3}.Debug|Any CPU.ActiveCfg = Debug|Win32
		{67EF7DA1-B638-41DB-9FCA-326AA17224E3}.Debug|x64.ActiveCfg = Debug|x64
		{67EF7DA1-B638-41DB-9FCA-326AA17224E3}.Debug|x64.Build.0 = Debug|x64
		{67EF7DA1-B638-41DB-9FCA-326AA17224E3}.Debug|x86.ActiveCfg = Debug|Win32
		{67EF7DA1-B638-41DB-9FCA-326AA17224E3}.Debug|x86.Build.0 = Debug|Win32
		{67EF7DA1-B638-41DB-9FCA-326AA17224E3}.Release|Any CPU.ActiveCfg = Release|Win32
		{67EF7DA1-B638-41DB-9FCA-326AA17224E3}.Release|x64.ActiveCfg = Release|x64
		{67EF7DA1-B638-41DB-9FCA-326AA17224E3}.Release|x64.Build.0 = Release|x64
		{67EF7DA1-B638-41DB-9FCA-326AA17224E3}.Release|x86.ActiveCfg = Release|Win32
		{67EF7DA1-B638-41DB-9FCA-326AA17224E3}.Release|x86.Build.0 = Release|Win32
	EndGlobalSection
	GlobalSection(SolutionProperties) = preSolution
		HideSolutionNode = FALSE
	EndGlobalSection
	GlobalSection(ExtensibilityGlobals) = postSolution
		SolutionGuid = {D1F23544-DE44-43B3-B5C2-3E3F42CC3DF3}
	EndGlobalSection
EndGlobal
